// !$*UTF8*$!
{
	archiveVersion = 1;
	classes = {
	};
	objectVersion = 46;
	objects = {

/* Begin PBXBuildFile section */
		3C65E1F4162E13CF00A79DEB /* UIKit.framework in Frameworks */ = {isa = PBXBuildFile; fileRef = 3C65E1F3162E13CF00A79DEB /* UIKit.framework */; };
		3C65E1F6162E13CF00A79DEB /* Foundation.framework in Frameworks */ = {isa = PBXBuildFile; fileRef = 3C65E1F5162E13CF00A79DEB /* Foundation.framework */; };
		3C65E1F8162E13CF00A79DEB /* CoreGraphics.framework in Frameworks */ = {isa = PBXBuildFile; fileRef = 3C65E1F7162E13CF00A79DEB /* CoreGraphics.framework */; };
		3C65E1FE162E13CF00A79DEB /* InfoPlist.strings in Resources */ = {isa = PBXBuildFile; fileRef = 3C65E1FC162E13CF00A79DEB /* InfoPlist.strings */; };
		3C65E200162E13CF00A79DEB /* main.m in Sources */ = {isa = PBXBuildFile; fileRef = 3C65E1FF162E13CF00A79DEB /* main.m */; };
		3C65E204162E13CF00A79DEB /* SBAppDelegate.m in Sources */ = {isa = PBXBuildFile; fileRef = 3C65E203162E13CF00A79DEB /* SBAppDelegate.m */; };
		3C65E206162E13CF00A79DEB /* Default.png in Resources */ = {isa = PBXBuildFile; fileRef = 3C65E205162E13CF00A79DEB /* Default.png */; };
		3C65E208162E13CF00A79DEB /* Default@2x.png in Resources */ = {isa = PBXBuildFile; fileRef = 3C65E207162E13CF00A79DEB /* Default@2x.png */; };
		3C65E20A162E13CF00A79DEB /* Default-568h@2x.png in Resources */ = {isa = PBXBuildFile; fileRef = 3C65E209162E13CF00A79DEB /* Default-568h@2x.png */; };
		3C65E20D162E13CF00A79DEB /* SBViewController.m in Sources */ = {isa = PBXBuildFile; fileRef = 3C65E20C162E13CF00A79DEB /* SBViewController.m */; };
		3C65E210162E13CF00A79DEB /* SBViewController.xib in Resources */ = {isa = PBXBuildFile; fileRef = 3C65E20E162E13CF00A79DEB /* SBViewController.xib */; };
/* End PBXBuildFile section */

/* Begin PBXFileReference section */
		3C65E1EF162E13CF00A79DEB /* SBMultiSelectViewDemo.app */ = {isa = PBXFileReference; explicitFileType = wrapper.application; includeInIndex = 0; path = SBMultiSelectViewDemo.app; sourceTree = BUILT_PRODUCTS_DIR; };
		3C65E1F3162E13CF00A79DEB /* UIKit.framework */ = {isa = PBXFileReference; lastKnownFileType = wrapper.framework; name = UIKit.framework; path = System/Library/Frameworks/UIKit.framework; sourceTree = SDKROOT; };
		3C65E1F5162E13CF00A79DEB /* Foundation.framework */ = {isa = PBXFileReference; lastKnownFileType = wrapper.framework; name = Foundation.framework; path = System/Library/Frameworks/Foundation.framework; sourceTree = SDKROOT; };
		3C65E1F7162E13CF00A79DEB /* CoreGraphics.framework */ = {isa = PBXFileReference; lastKnownFileType = wrapper.framework; name = CoreGraphics.framework; path = System/Library/Frameworks/CoreGraphics.framework; sourceTree = SDKROOT; };
		3C65E1FB162E13CF00A79DEB /* SBMultiSelectViewDemo-Info.plist */ = {isa = PBXFileReference; lastKnownFileType = text.plist.xml; path = "SBMultiSelectViewDemo-Info.plist"; sourceTree = "<group>"; };
		3C65E1FD162E13CF00A79DEB /* en */ = {isa = PBXFileReference; lastKnownFileType = text.plist.strings; name = en; path = en.lproj/InfoPlist.strings; sourceTree = "<group>"; };
		3C65E1FF162E13CF00A79DEB /* main.m */ = {isa = PBXFileReference; lastKnownFileType = sourcecode.c.objc; path = main.m; sourceTree = "<group>"; };
		3C65E201162E13CF00A79DEB /* SBMultiSelectViewDemo-Prefix.pch */ = {isa = PBXFileReference; lastKnownFileType = sourcecode.c.h; path = "SBMultiSelectViewDemo-Prefix.pch"; sourceTree = "<group>"; };
		3C65E202162E13CF00A79DEB /* SBAppDelegate.h */ = {isa = PBXFileReference; lastKnownFileType = sourcecode.c.h; path = SBAppDelegate.h; sourceTree = "<group>"; };
		3C65E203162E13CF00A79DEB /* SBAppDelegate.m */ = {isa = PBXFileReference; lastKnownFileType = sourcecode.c.objc; path = SBAppDelegate.m; sourceTree = "<group>"; };
		3C65E205162E13CF00A79DEB /* Default.png */ = {isa = PBXFileReference; lastKnownFileType = image.png; path = Default.png; sourceTree = "<group>"; };
		3C65E207162E13CF00A79DEB /* Default@2x.png */ = {isa = PBXFileReference; lastKnownFileType = image.png; path = "Default@2x.png"; sourceTree = "<group>"; };
		3C65E209162E13CF00A79DEB /* Default-568h@2x.png */ = {isa = PBXFileReference; lastKnownFileType = image.png; path = "Default-568h@2x.png"; sourceTree = "<group>"; };
		3C65E20B162E13CF00A79DEB /* SBViewController.h */ = {isa = PBXFileReference; lastKnownFileType = sourcecode.c.h; path = SBViewController.h; sourceTree = "<group>"; };
		3C65E20C162E13CF00A79DEB /* SBViewController.m */ = {isa = PBXFileReference; lastKnownFileType = sourcecode.c.objc; path = SBViewController.m; sourceTree = "<group>"; };
		3C65E20F162E13CF00A79DEB /* en */ = {isa = PBXFileReference; lastKnownFileType = file.xib; name = en; path = en.lproj/SBViewController.xib; sourceTree = "<group>"; };
/* End PBXFileReference section */

/* Begin PBXFrameworksBuildPhase section */
		3C65E1EC162E13CF00A79DEB /* Frameworks */ = {
			isa = PBXFrameworksBuildPhase;
			buildActionMask = 2147483647;
			files = (
				3C65E1F4162E13CF00A79DEB /* UIKit.framework in Frameworks */,
				3C65E1F6162E13CF00A79DEB /* Foundation.framework in Frameworks */,
				3C65E1F8162E13CF00A79DEB /* CoreGraphics.framework in Frameworks */,
			);
			runOnlyForDeploymentPostprocessing = 0;
		};
/* End PBXFrameworksBuildPhase section */

/* Begin PBXGroup section */
		3C65E1E4162E13CF00A79DEB = {
			isa = PBXGroup;
			children = (
				3C65E1F9162E13CF00A79DEB /* SBMultiSelectViewDemo */,
				3C65E1F2162E13CF00A79DEB /* Frameworks */,
				3C65E1F0162E13CF00A79DEB /* Products */,
			);
			sourceTree = "<group>";
		};
		3C65E1F0162E13CF00A79DEB /* Products */ = {
			isa = PBXGroup;
			children = (
				3C65E1EF162E13CF00A79DEB /* SBMultiSelectViewDemo.app */,
			);
			name = Products;
			sourceTree = "<group>";
		};
		3C65E1F2162E13CF00A79DEB /* Frameworks */ = {
			isa = PBXGroup;
			children = (
				3C65E1F3162E13CF00A79DEB /* UIKit.framework */,
				3C65E1F5162E13CF00A79DEB /* Foundation.framework */,
				3C65E1F7162E13CF00A79DEB /* CoreGraphics.framework */,
			);
			name = Frameworks;
			sourceTree = "<group>";
		};
		3C65E1F9162E13CF00A79DEB /* SBMultiSelectViewDemo */ = {
			isa = PBXGroup;
			children = (
				3C65E202162E13CF00A79DEB /* SBAppDelegate.h */,
				3C65E203162E13CF00A79DEB /* SBAppDelegate.m */,
				3C65E20B162E13CF00A79DEB /* SBViewController.h */,
				3C65E20C162E13CF00A79DEB /* SBViewController.m */,
				3C65E20E162E13CF00A79DEB /* SBViewController.xib */,
				3C65E1FA162E13CF00A79DEB /* Supporting Files */,
			);
			path = SBMultiSelectViewDemo;
			sourceTree = "<group>";
		};
		3C65E1FA162E13CF00A79DEB /* Supporting Files */ = {
			isa = PBXGroup;
			children = (
				3C65E1FB162E13CF00A79DEB /* SBMultiSelectViewDemo-Info.plist */,
				3C65E1FC162E13CF00A79DEB /* InfoPlist.strings */,
				3C65E1FF162E13CF00A79DEB /* main.m */,
				3C65E201162E13CF00A79DEB /* SBMultiSelectViewDemo-Prefix.pch */,
				3C65E205162E13CF00A79DEB /* Default.png */,
				3C65E207162E13CF00A79DEB /* Default@2x.png */,
				3C65E209162E13CF00A79DEB /* Default-568h@2x.png */,
			);
			name = "Supporting Files";
			sourceTree = "<group>";
		};
/* End PBXGroup section */

/* Begin PBXNativeTarget section */
		3C65E1EE162E13CF00A79DEB /* SBMultiSelectViewDemo */ = {
			isa = PBXNativeTarget;
			buildConfigurationList = 3C65E213162E13CF00A79DEB /* Build configuration list for PBXNativeTarget "SBMultiSelectViewDemo" */;
			buildPhases = (
				3C65E1EB162E13CF00A79DEB /* Sources */,
				3C65E1EC162E13CF00A79DEB /* Frameworks */,
				3C65E1ED162E13CF00A79DEB /* Resources */,
			);
			buildRules = (
			);
			dependencies = (
			);
			name = SBMultiSelectViewDemo;
			productName = SBMultiSelectViewDemo;
			productReference = 3C65E1EF162E13CF00A79DEB /* SBMultiSelectViewDemo.app */;
			productType = "com.apple.product-type.application";
		};
/* End PBXNativeTarget section */

/* Begin PBXProject section */
		3C65E1E6162E13CF00A79DEB /* Project object */ = {
			isa = PBXProject;
			attributes = {
				CLASSPREFIX = SB;
				LastUpgradeCheck = 0450;
				ORGANIZATIONNAME = "Sam Broe";
			};
			buildConfigurationList = 3C65E1E9162E13CF00A79DEB /* Build configuration list for PBXProject "SBMultiSelectViewDemo" */;
			compatibilityVersion = "Xcode 3.2";
			developmentRegion = English;
			hasScannedForEncodings = 0;
			knownRegions = (
				en,
			);
			mainGroup = 3C65E1E4162E13CF00A79DEB;
			productRefGroup = 3C65E1F0162E13CF00A79DEB /* Products */;
			projectDirPath = "";
			projectRoot = "";
			targets = (
				3C65E1EE162E13CF00A79DEB /* SBMultiSelectViewDemo */,
			);
		};
/* End PBXProject section */

/* Begin PBXResourcesBuildPhase section */
		3C65E1ED162E13CF00A79DEB /* Resources */ = {
			isa = PBXResourcesBuildPhase;
			buildActionMask = 2147483647;
			files = (
				3C65E1FE162E13CF00A79DEB /* InfoPlist.strings in Resources */,
				3C65E206162E13CF00A79DEB /* Default.png in Resources */,
				3C65E208162E13CF00A79DEB /* Default@2x.png in Resources */,
				3C65E20A162E13CF00A79DEB /* Default-568h@2x.png in Resources */,
				3C65E210162E13CF00A79DEB /* SBViewController.xib in Resources */,
			);
			runOnlyForDeploymentPostprocessing = 0;
		};
/* End PBXResourcesBuildPhase section */

/* Begin PBXSourcesBuildPhase section */
		3C65E1EB162E13CF00A79DEB /* Sources */ = {
			isa = PBXSourcesBuildPhase;
			buildActionMask = 2147483647;
			files = (
				3C65E200162E13CF00A79DEB /* main.m in Sources */,
				3C65E204162E13CF00A79DEB /* SBAppDelegate.m in Sources */,
				3C65E20D162E13CF00A79DEB /* SBViewController.m in Sources */,
			);
			runOnlyForDeploymentPostprocessing = 0;
		};
/* End PBXSourcesBuildPhase section */

/* Begin PBXVariantGroup section */
		3C65E1FC162E13CF00A79DEB /* InfoPlist.strings */ = {
			isa = PBXVariantGroup;
			children = (
				3C65E1FD162E13CF00A79DEB /* en */,
			);
			name = InfoPlist.strings;
			sourceTree = "<group>";
		};
		3C65E20E162E13CF00A79DEB /* SBViewController.xib */ = {
			isa = PBXVariantGroup;
			children = (
				3C65E20F162E13CF00A79DEB /* en */,
			);
			name = SBViewController.xib;
			sourceTree = "<group>";
		};
/* End PBXVariantGroup section */

/* Begin XCBuildConfiguration section */
		3C65E211162E13CF00A79DEB /* Debug */ = {
			isa = XCBuildConfiguration;
			buildSettings = {
				ALWAYS_SEARCH_USER_PATHS = NO;
				CLANG_CXX_LANGUAGE_STANDARD = "gnu++0x";
				CLANG_CXX_LIBRARY = "libc++";
				CLANG_WARN_EMPTY_BODY = YES;
				CLANG_WARN__DUPLICATE_METHOD_MATCH = YES;
				"CODE_SIGN_IDENTITY[sdk=iphoneos*]" = "iPhone Developer";
				COPY_PHASE_STRIP = NO;
				GCC_C_LANGUAGE_STANDARD = gnu99;
				GCC_DYNAMIC_NO_PIC = NO;
				GCC_OPTIMIZATION_LEVEL = 0;
				GCC_PREPROCESSOR_DEFINITIONS = (
					"DEBUG=1",
					"$(inherited)",
				);
				GCC_SYMBOLS_PRIVATE_EXTERN = NO;
				GCC_WARN_ABOUT_RETURN_TYPE = YES;
				GCC_WARN_UNINITIALIZED_AUTOS = YES;
				GCC_WARN_UNUSED_VARIABLE = YES;
				IPHONEOS_DEPLOYMENT_TARGET = 6.0;
				ONLY_ACTIVE_ARCH = YES;
				SDKROOT = iphoneos;
			};
			name = Debug;
		};
		3C65E212162E13CF00A79DEB /* Release */ = {
			isa = XCBuildConfiguration;
			buildSettings = {
				ALWAYS_SEARCH_USER_PATHS = NO;
				CLANG_CXX_LANGUAGE_STANDARD = "gnu++0x";
				CLANG_CXX_LIBRARY = "libc++";
				CLANG_WARN_EMPTY_BODY = YES;
				CLANG_WARN__DUPLICATE_METHOD_MATCH = YES;
				"CODE_SIGN_IDENTITY[sdk=iphoneos*]" = "iPhone Developer";
				COPY_PHASE_STRIP = YES;
				GCC_C_LANGUAGE_STANDARD = gnu99;
				GCC_WARN_ABOUT_RETURN_TYPE = YES;
				GCC_WARN_UNINITIALIZED_AUTOS = YES;
				GCC_WARN_UNUSED_VARIABLE = YES;
				IPHONEOS_DEPLOYMENT_TARGET = 6.0;
				OTHER_CFLAGS = "-DNS_BLOCK_ASSERTIONS=1";
				SDKROOT = iphoneos;
				VALIDATE_PRODUCT = YES;
			};
			name = Release;
		};
		3C65E214162E13CF00A79DEB /* Debug */ = {
			isa = XCBuildConfiguration;
			buildSettings = {
				GCC_PRECOMPILE_PREFIX_HEADER = YES;
				GCC_PREFIX_HEADER = "SBMultiSelectViewDemo/SBMultiSelectViewDemo-Prefix.pch";
				INFOPLIST_FILE = "SBMultiSelectViewDemo/SBMultiSelectViewDemo-Info.plist";
				PRODUCT_NAME = "$(TARGET_NAME)";
				WRAPPER_EXTENSION = app;
			};
			name = Debug;
		};
		3C65E215162E13CF00A79DEB /* Release */ = {
			isa = XCBuildConfiguration;
			buildSettings = {
				GCC_PRECOMPILE_PREFIX_HEADER = YES;
				GCC_PREFIX_HEADER = "SBMultiSelectViewDemo/SBMultiSelectViewDemo-Prefix.pch";
				INFOPLIST_FILE = "SBMultiSelectViewDemo/SBMultiSelectViewDemo-Info.plist";
				PRODUCT_NAME = "$(TARGET_NAME)";
				WRAPPER_EXTENSION = app;
			};
			name = Release;
		};
/* End XCBuildConfiguration section */

/* Begin XCConfigurationList section */
		3C65E1E9162E13CF00A79DEB /* Build configuration list for PBXProject "SBMultiSelectViewDemo" */ = {
			isa = XCConfigurationList;
			buildConfigurations = (
				3C65E211162E13CF00A79DEB /* Debug */,
				3C65E212162E13CF00A79DEB /* Release */,
			);
			defaultConfigurationIsVisible = 0;
			defaultConfigurationName = Release;
		};
		3C65E213162E13CF00A79DEB /* Build configuration list for PBXNativeTarget "SBMultiSelectViewDemo" */ = {
			isa = XCConfigurationList;
			buildConfigurations = (
				3C65E214162E13CF00A79DEB /* Debug */,
				3C65E215162E13CF00A79DEB /* Release */,
			);
			defaultConfigurationIsVisible = 0;
		};
/* End XCConfigurationList section */
	};
	rootObject = 3C65E1E6162E13CF00A79DEB /* Project object */;
}
